# This file is automatically @generated by Poetry 1.5.1 and should not be changed by hand.

[[package]]
name = "numpy"
version = "1.25.1"
description = "Fundamental package for array computing in Python"
optional = false
python-versions = ">=3.9"
files = [
    {file = "numpy-1.25.1-cp310-cp310-macosx_10_9_x86_64.whl", hash = "sha256:77d339465dff3eb33c701430bcb9c325b60354698340229e1dff97745e6b3efa"},
    {file = "numpy-1.25.1-cp310-cp310-macosx_11_0_arm64.whl", hash = "sha256:d736b75c3f2cb96843a5c7f8d8ccc414768d34b0a75f466c05f3a739b406f10b"},
    {file = "numpy-1.25.1-cp310-cp310-manylinux_2_17_aarch64.manylinux2014_aarch64.whl", hash = "sha256:4a90725800caeaa160732d6b31f3f843ebd45d6b5f3eec9e8cc287e30f2805bf"},
    {file = "numpy-1.25.1-cp310-cp310-manylinux_2_17_x86_64.manylinux2014_x86_64.whl", hash = "sha256:6c6c9261d21e617c6dc5eacba35cb68ec36bb72adcff0dee63f8fbc899362588"},
    {file = "numpy-1.25.1-cp310-cp310-musllinux_1_1_x86_64.whl", hash = "sha256:0def91f8af6ec4bb94c370e38c575855bf1d0be8a8fbfba42ef9c073faf2cf19"},
    {file = "numpy-1.25.1-cp310-cp310-win32.whl", hash = "sha256:fd67b306320dcadea700a8f79b9e671e607f8696e98ec255915c0c6d6b818503"},
    {file = "numpy-1.25.1-cp310-cp310-win_amd64.whl", hash = "sha256:c1516db588987450b85595586605742879e50dcce923e8973f79529651545b57"},
    {file = "numpy-1.25.1-cp311-cp311-macosx_10_9_x86_64.whl", hash = "sha256:6b82655dd8efeea69dbf85d00fca40013d7f503212bc5259056244961268b66e"},
    {file = "numpy-1.25.1-cp311-cp311-macosx_11_0_arm64.whl", hash = "sha256:e8f6049c4878cb16960fbbfb22105e49d13d752d4d8371b55110941fb3b17800"},
    {file = "numpy-1.25.1-cp311-cp311-manylinux_2_17_aarch64.manylinux2014_aarch64.whl", hash = "sha256:41a56b70e8139884eccb2f733c2f7378af06c82304959e174f8e7370af112e09"},
    {file = "numpy-1.25.1-cp311-cp311-manylinux_2_17_x86_64.manylinux2014_x86_64.whl", hash = "sha256:d5154b1a25ec796b1aee12ac1b22f414f94752c5f94832f14d8d6c9ac40bcca6"},
    {file = "numpy-1.25.1-cp311-cp311-musllinux_1_1_x86_64.whl", hash = "sha256:38eb6548bb91c421261b4805dc44def9ca1a6eef6444ce35ad1669c0f1a3fc5d"},
    {file = "numpy-1.25.1-cp311-cp311-win32.whl", hash = "sha256:791f409064d0a69dd20579345d852c59822c6aa087f23b07b1b4e28ff5880fcb"},
    {file = "numpy-1.25.1-cp311-cp311-win_amd64.whl", hash = "sha256:c40571fe966393b212689aa17e32ed905924120737194b5d5c1b20b9ed0fb171"},
    {file = "numpy-1.25.1-cp39-cp39-macosx_10_9_x86_64.whl", hash = "sha256:3d7abcdd85aea3e6cdddb59af2350c7ab1ed764397f8eec97a038ad244d2d105"},
    {file = "numpy-1.25.1-cp39-cp39-macosx_11_0_arm64.whl", hash = "sha256:1a180429394f81c7933634ae49b37b472d343cccb5bb0c4a575ac8bbc433722f"},
    {file = "numpy-1.25.1-cp39-cp39-manylinux_2_17_aarch64.manylinux2014_aarch64.whl", hash = "sha256:d412c1697c3853c6fc3cb9751b4915859c7afe6a277c2bf00acf287d56c4e625"},
    {file = "numpy-1.25.1-cp39-cp39-manylinux_2_17_x86_64.manylinux2014_x86_64.whl", hash = "sha256:20e1266411120a4f16fad8efa8e0454d21d00b8c7cee5b5ccad7565d95eb42dd"},
    {file = "numpy-1.25.1-cp39-cp39-musllinux_1_1_x86_64.whl", hash = "sha256:f76aebc3358ade9eacf9bc2bb8ae589863a4f911611694103af05346637df1b7"},
    {file = "numpy-1.25.1-cp39-cp39-win32.whl", hash = "sha256:247d3ffdd7775bdf191f848be8d49100495114c82c2bd134e8d5d075fb386a1c"},
    {file = "numpy-1.25.1-cp39-cp39-win_amd64.whl", hash = "sha256:1d5d3c68e443c90b38fdf8ef40e60e2538a27548b39b12b73132456847f4b631"},
    {file = "numpy-1.25.1-pp39-pypy39_pp73-macosx_10_9_x86_64.whl", hash = "sha256:35a9527c977b924042170a0887de727cd84ff179e478481404c5dc66b4170009"},
    {file = "numpy-1.25.1-pp39-pypy39_pp73-manylinux_2_17_x86_64.manylinux2014_x86_64.whl", hash = "sha256:0d3fe3dd0506a28493d82dc3cf254be8cd0d26f4008a417385cbf1ae95b54004"},
    {file = "numpy-1.25.1-pp39-pypy39_pp73-win_amd64.whl", hash = "sha256:012097b5b0d00a11070e8f2e261128c44157a8689f7dedcf35576e525893f4fe"},
    {file = "numpy-1.25.1.tar.gz", hash = "sha256:9a3a9f3a61480cc086117b426a8bd86869c213fc4072e606f01c4e4b66eb92bf"},
]

[[package]]
name = "ruff"
version = "0.0.277"
description = "An extremely fast Python linter, written in Rust."
optional = false
python-versions = ">=3.7"
files = [
    {file = "ruff-0.0.277-py3-none-macosx_10_7_x86_64.whl", hash = "sha256:3250b24333ef419b7a232080d9724ccc4d2da1dbbe4ce85c4caa2290d83200f8"},
    {file = "ruff-0.0.277-py3-none-macosx_10_9_x86_64.macosx_11_0_arm64.macosx_10_9_universal2.whl", hash = "sha256:3e60605e07482183ba1c1b7237eca827bd6cbd3535fe8a4ede28cbe2a323cb97"},
    {file = "ruff-0.0.277-py3-none-manylinux_2_17_aarch64.manylinux2014_aarch64.whl", hash = "sha256:7baa97c3d7186e5ed4d5d4f6834d759a27e56cf7d5874b98c507335f0ad5aadb"},
    {file = "ruff-0.0.277-py3-none-manylinux_2_17_armv7l.manylinux2014_armv7l.whl", hash = "sha256:74e4b206cb24f2e98a615f87dbe0bde18105217cbcc8eb785bb05a644855ba50"},
    {file = "ruff-0.0.277-py3-none-manylinux_2_17_i686.manylinux2014_i686.whl", hash = "sha256:479864a3ccd8a6a20a37a6e7577bdc2406868ee80b1e65605478ad3b8eb2ba0b"},
    {file = "ruff-0.0.277-py3-none-manylinux_2_17_ppc64.manylinux2014_ppc64.whl", hash = "sha256:468bfb0a7567443cec3d03cf408d6f562b52f30c3c29df19927f1e0e13a40cd7"},
    {file = "ruff-0.0.277-py3-none-manylinux_2_17_ppc64le.manylinux2014_ppc64le.whl", hash = "sha256:f32ec416c24542ca2f9cc8c8b65b84560530d338aaf247a4a78e74b99cd476b4"},
    {file = "ruff-0.0.277-py3-none-manylinux_2_17_s390x.manylinux2014_s390x.whl", hash = "sha256:14a7b2f00f149c5a295f188a643ac25226ff8a4d08f7a62b1d4b0a1dc9f9b85c"},
    {file = "ruff-0.0.277-py3-none-manylinux_2_17_x86_64.manylinux2014_x86_64.whl", hash = "sha256:a9879f59f763cc5628aa01c31ad256a0f4dc61a29355c7315b83c2a5aac932b5"},
    {file = "ruff-0.0.277-py3-none-musllinux_1_2_aarch64.whl", hash = "sha256:f612e0a14b3d145d90eb6ead990064e22f6f27281d847237560b4e10bf2251f3"},
    {file = "ruff-0.0.277-py3-none-musllinux_1_2_armv7l.whl", hash = "sha256:323b674c98078be9aaded5b8b51c0d9c424486566fb6ec18439b496ce79e5998"},
    {file = "ruff-0.0.277-py3-none-musllinux_1_2_i686.whl", hash = "sha256:3a43fbe026ca1a2a8c45aa0d600a0116bec4dfa6f8bf0c3b871ecda51ef2b5dd"},
    {file = "ruff-0.0.277-py3-none-musllinux_1_2_x86_64.whl", hash = "sha256:734165ea8feb81b0d53e3bf523adc2413fdb76f1264cde99555161dd5a725522"},
    {file = "ruff-0.0.277-py3-none-win32.whl", hash = "sha256:88d0f2afb2e0c26ac1120e7061ddda2a566196ec4007bd66d558f13b374b9efc"},
    {file = "ruff-0.0.277-py3-none-win_amd64.whl", hash = "sha256:6fe81732f788894a00f6ade1fe69e996cc9e485b7c35b0f53fb00284397284b2"},
    {file = "ruff-0.0.277-py3-none-win_arm64.whl", hash = "sha256:2d4444c60f2e705c14cd802b55cd2b561d25bf4311702c463a002392d3116b22"},
    {file = "ruff-0.0.277.tar.gz", hash = "sha256:2dab13cdedbf3af6d4427c07f47143746b6b95d9e4a254ac369a0edb9280a0d2"},
]

[metadata]
lock-version = "2.0"
python-versions = "^3.11"
content-hash = "9dfe857fad5a7398673b7fc5e76982a154fb99f94c6fb7a0bc1ecedcdd98d475"
